
Microsoft Visual Studio Solution File, Format Version 12.00
# Visual Studio Version 17
VisualStudioVersion = 17.0.31611.283
MinimumVisualStudioVersion = 10.0.40219.1
Project("{9A19103F-16F7-4668-BE54-9A1E7A4F7556}") = "PanIssue", "PanIssue\PanIssue.csproj", "{3A746635-925D-41A2-BE0A-E515F6C2BCC2}"
EndProject
Project("{9A19103F-16F7-4668-BE54-9A1E7A4F7556}") = "ResourceIssue", "ResourceIssue\ResourceIssue.csproj", "{444A66B9-E67D-4E24-B0F5-46DCB8E5C24B}"
EndProject
Global
	GlobalSection(SolutionConfigurationPlatforms) = preSolution
		Debug|Any CPU = Debug|Any CPU
		Release|Any CPU = Release|Any CPU
	EndGlobalSection
	GlobalSection(ProjectConfigurationPlatforms) = postSolution
		{3A746635-925D-41A2-BE0A-E515F6C2BCC2}.Debug|Any CPU.ActiveCfg = Debug|Any CPU
		{3A746635-925D-41A2-BE0A-E515F6C2BCC2}.Debug|Any CPU.Build.0 = Debug|Any CPU
		{3A746635-925D-41A2-BE0A-E515F6C2BCC2}.Release|Any CPU.ActiveCfg = Release|Any CPU
		{3A746635-925D-41A2-BE0A-E515F6C2BCC2}.Release|Any CPU.Build.0 = Release|Any CPU
		{444A66B9-E67D-4E24-B0F5-46DCB8E5C24B}.Debug|Any CPU.ActiveCfg = Debug|Any CPU
		{444A66B9-E67D-4E24-B0F5-46DCB8E5C24B}.Debug|Any CPU.Build.0 = Debug|Any CPU
		{444A66B9-E67D-4E24-B0F5-46DCB8E5C24B}.Release|Any CPU.ActiveCfg = Release|Any CPU
		{444A66B9-E67D-4E24-B0F5-46DCB8E5C24B}.Release|Any CPU.Build.0 = Release|Any CPU
	EndGlobalSection
	GlobalSection(SolutionProperties) = preSolution
		HideSolutionNode = FALSE
	EndGlobalSection
	GlobalSection(ExtensibilityGlobals) = postSolution
		SolutionGuid = {61F7FB11-1E47-470C-91E2-47F8143E1572}
	EndGlobalSection
EndGlobal
