
Microsoft Visual Studio Solution File, Format Version 12.00
# Visual Studio Version 17
VisualStudioVersion = 17.0.31611.283
MinimumVisualStudioVersion = 10.0.40219.1
Project("{9A19103F-16F7-4668-BE54-9A1E7A4F7556}") = "MAUI_PanIssue", "MAUI_PanIssue\MAUI_PanIssue.csproj", "{D45B7918-4D68-4DD7-A977-8C6FDD77AACF}"
EndProject
Project("{9A19103F-16F7-4668-BE54-9A1E7A4F7556}") = "MAUI_ResourceIssue", "MAUI_ResourceIssue\MAUI_ResourceIssue.csproj", "{BF90E272-7BBF-4636-877E-8FDCAFC853D4}"
EndProject
Project("{FAE04EC0-301F-11D3-BF4B-00C04F79EFBC}") = "WpfAnimatedGif_TabControlIssue", "WpfAnimatedGif_TabControlIssue\WpfAnimatedGif_TabControlIssue.csproj", "{BB173284-7316-4F05-9A35-146CB5AB844B}"
EndProject
Global
	GlobalSection(SolutionConfigurationPlatforms) = preSolution
		Debug|Any CPU = Debug|Any CPU
		Release|Any CPU = Release|Any CPU
	EndGlobalSection
	GlobalSection(ProjectConfigurationPlatforms) = postSolution
		{D45B7918-4D68-4DD7-A977-8C6FDD77AACF}.Debug|Any CPU.ActiveCfg = Debug|Any CPU
		{D45B7918-4D68-4DD7-A977-8C6FDD77AACF}.Debug|Any CPU.Build.0 = Debug|Any CPU
		{D45B7918-4D68-4DD7-A977-8C6FDD77AACF}.Release|Any CPU.ActiveCfg = Release|Any CPU
		{D45B7918-4D68-4DD7-A977-8C6FDD77AACF}.Release|Any CPU.Build.0 = Release|Any CPU
		{BF90E272-7BBF-4636-877E-8FDCAFC853D4}.Debug|Any CPU.ActiveCfg = Debug|Any CPU
		{BF90E272-7BBF-4636-877E-8FDCAFC853D4}.Debug|Any CPU.Build.0 = Debug|Any CPU
		{BF90E272-7BBF-4636-877E-8FDCAFC853D4}.Release|Any CPU.ActiveCfg = Release|Any CPU
		{BF90E272-7BBF-4636-877E-8FDCAFC853D4}.Release|Any CPU.Build.0 = Release|Any CPU
		{BB173284-7316-4F05-9A35-146CB5AB844B}.Debug|Any CPU.ActiveCfg = Debug|Any CPU
		{BB173284-7316-4F05-9A35-146CB5AB844B}.Debug|Any CPU.Build.0 = Debug|Any CPU
		{BB173284-7316-4F05-9A35-146CB5AB844B}.Release|Any CPU.ActiveCfg = Release|Any CPU
		{BB173284-7316-4F05-9A35-146CB5AB844B}.Release|Any CPU.Build.0 = Release|Any CPU
	EndGlobalSection
	GlobalSection(SolutionProperties) = preSolution
		HideSolutionNode = FALSE
	EndGlobalSection
	GlobalSection(ExtensibilityGlobals) = postSolution
		SolutionGuid = {61F7FB11-1E47-470C-91E2-47F8143E1572}
	EndGlobalSection
EndGlobal
